
Microsoft Visual Studio Solution File, Format Version 12.00
# Visual Studio Version 17
VisualStudioVersion = 17.2.32616.157
MinimumVisualStudioVersion = 10.0.40219.1
Project("{8BC9CEB8-8B4A-11D0-8D11-00A0C91BC942}") = "SJ", "SJ\SJ.vcxproj", "{3D89C94C-4AF2-4FFC-9D31-751C372C19FB}"
EndProject
Project("{FAE04EC0-301F-11D3-BF4B-00C04F79EFBC}") = "TestExe", "TestExe\TestExe.csproj", "{B50983C6-E100-4A61-AE89-A3213BF66DAA}"
EndProject
Project("{FAE04EC0-301F-11D3-BF4B-00C04F79EFBC}") = "Win32", "Win32\Win32.csproj", "{7581CB74-1BBC-42DA-95A4-5C5A70BE2B5E}"
EndProject
Project("{FAE04EC0-301F-11D3-BF4B-00C04F79EFBC}") = "NETSZ", "NETSZ\NETSZ.csproj", "{AB53F8C6-4674-4339-82B3-5F46E225C915}"
EndProject
Global
	GlobalSection(SolutionConfigurationPlatforms) = preSolution
		Debug|Any CPU = Debug|Any CPU
		Debug|x64 = Debug|x64
		Debug|x86 = Debug|x86
		Release|Any CPU = Release|Any CPU
		Release|x64 = Release|x64
		Release|x86 = Release|x86
	EndGlobalSection
	GlobalSection(ProjectConfigurationPlatforms) = postSolution
		{3D89C94C-4AF2-4FFC-9D31-751C372C19FB}.Debug|Any CPU.ActiveCfg = Debug|x64
		{3D89C94C-4AF2-4FFC-9D31-751C372C19FB}.Debug|Any CPU.Build.0 = Debug|x64
		{3D89C94C-4AF2-4FFC-9D31-751C372C19FB}.Debug|x64.ActiveCfg = Debug|x64
		{3D89C94C-4AF2-4FFC-9D31-751C372C19FB}.Debug|x64.Build.0 = Debug|x64
		{3D89C94C-4AF2-4FFC-9D31-751C372C19FB}.Debug|x86.ActiveCfg = Debug|Win32
		{3D89C94C-4AF2-4FFC-9D31-751C372C19FB}.Debug|x86.Build.0 = Debug|Win32
		{3D89C94C-4AF2-4FFC-9D31-751C372C19FB}.Release|Any CPU.ActiveCfg = Release|x64
		{3D89C94C-4AF2-4FFC-9D31-751C372C19FB}.Release|Any CPU.Build.0 = Release|x64
		{3D89C94C-4AF2-4FFC-9D31-751C372C19FB}.Release|x64.ActiveCfg = Release|x64
		{3D89C94C-4AF2-4FFC-9D31-751C372C19FB}.Release|x64.Build.0 = Release|x64
		{3D89C94C-4AF2-4FFC-9D31-751C372C19FB}.Release|x86.ActiveCfg = Release|Win32
		{3D89C94C-4AF2-4FFC-9D31-751C372C19FB}.Release|x86.Build.0 = Release|Win32
		{B50983C6-E100-4A61-AE89-A3213BF66DAA}.Debug|Any CPU.ActiveCfg = Debug|Any CPU
		{B50983C6-E100-4A61-AE89-A3213BF66DAA}.Debug|Any CPU.Build.0 = Debug|Any CPU
		{B50983C6-E100-4A61-AE89-A3213BF66DAA}.Debug|x64.ActiveCfg = Debug|Any CPU
		{B50983C6-E100-4A61-AE89-A3213BF66DAA}.Debug|x64.Build.0 = Debug|Any CPU
		{B50983C6-E100-4A61-AE89-A3213BF66DAA}.Debug|x86.ActiveCfg = Debug|Any CPU
		{B50983C6-E100-4A61-AE89-A3213BF66DAA}.Debug|x86.Build.0 = Debug|Any CPU
		{B50983C6-E100-4A61-AE89-A3213BF66DAA}.Release|Any CPU.ActiveCfg = Release|Any CPU
		{B50983C6-E100-4A61-AE89-A3213BF66DAA}.Release|Any CPU.Build.0 = Release|Any CPU
		{B50983C6-E100-4A61-AE89-A3213BF66DAA}.Release|x64.ActiveCfg = Release|Any CPU
		{B50983C6-E100-4A61-AE89-A3213BF66DAA}.Release|x64.Build.0 = Release|Any CPU
		{B50983C6-E100-4A61-AE89-A3213BF66DAA}.Release|x86.ActiveCfg = Release|Any CPU
		{B50983C6-E100-4A61-AE89-A3213BF66DAA}.Release|x86.Build.0 = Release|Any CPU
		{7581CB74-1BBC-42DA-95A4-5C5A70BE2B5E}.Debug|Any CPU.ActiveCfg = Debug|Any CPU
		{7581CB74-1BBC-42DA-95A4-5C5A70BE2B5E}.Debug|Any CPU.Build.0 = Debug|Any CPU
		{7581CB74-1BBC-42DA-95A4-5C5A70BE2B5E}.Debug|x64.ActiveCfg = Debug|Any CPU
		{7581CB74-1BBC-42DA-95A4-5C5A70BE2B5E}.Debug|x64.Build.0 = Debug|Any CPU
		{7581CB74-1BBC-42DA-95A4-5C5A70BE2B5E}.Debug|x86.ActiveCfg = Debug|Any CPU
		{7581CB74-1BBC-42DA-95A4-5C5A70BE2B5E}.Debug|x86.Build.0 = Debug|Any CPU
		{7581CB74-1BBC-42DA-95A4-5C5A70BE2B5E}.Release|Any CPU.ActiveCfg = Release|Any CPU
		{7581CB74-1BBC-42DA-95A4-5C5A70BE2B5E}.Release|Any CPU.Build.0 = Release|Any CPU
		{7581CB74-1BBC-42DA-95A4-5C5A70BE2B5E}.Release|x64.ActiveCfg = Release|Any CPU
		{7581CB74-1BBC-42DA-95A4-5C5A70BE2B5E}.Release|x64.Build.0 = Release|Any CPU
		{7581CB74-1BBC-42DA-95A4-5C5A70BE2B5E}.Release|x86.ActiveCfg = Release|Any CPU
		{7581CB74-1BBC-42DA-95A4-5C5A70BE2B5E}.Release|x86.Build.0 = Release|Any CPU
		{AB53F8C6-4674-4339-82B3-5F46E225C915}.Debug|Any CPU.ActiveCfg = Debug|Any CPU
		{AB53F8C6-4674-4339-82B3-5F46E225C915}.Debug|Any CPU.Build.0 = Debug|Any CPU
		{AB53F8C6-4674-4339-82B3-5F46E225C915}.Debug|x64.ActiveCfg = Debug|Any CPU
		{AB53F8C6-4674-4339-82B3-5F46E225C915}.Debug|x64.Build.0 = Debug|Any CPU
		{AB53F8C6-4674-4339-82B3-5F46E225C915}.Debug|x86.ActiveCfg = Debug|Any CPU
		{AB53F8C6-4674-4339-82B3-5F46E225C915}.Debug|x86.Build.0 = Debug|Any CPU
		{AB53F8C6-4674-4339-82B3-5F46E225C915}.Release|Any CPU.ActiveCfg = Release|Any CPU
		{AB53F8C6-4674-4339-82B3-5F46E225C915}.Release|Any CPU.Build.0 = Release|Any CPU
		{AB53F8C6-4674-4339-82B3-5F46E225C915}.Release|x64.ActiveCfg = Release|Any CPU
		{AB53F8C6-4674-4339-82B3-5F46E225C915}.Release|x64.Build.0 = Release|Any CPU
		{AB53F8C6-4674-4339-82B3-5F46E225C915}.Release|x86.ActiveCfg = Release|Any CPU
		{AB53F8C6-4674-4339-82B3-5F46E225C915}.Release|x86.Build.0 = Release|Any CPU
	EndGlobalSection
	GlobalSection(SolutionProperties) = preSolution
		HideSolutionNode = FALSE
	EndGlobalSection
	GlobalSection(ExtensibilityGlobals) = postSolution
		SolutionGuid = {4A297411-13E7-4957-A1E4-005D47D692A4}
	EndGlobalSection
EndGlobal
